
Microsoft Visual Studio Solution File, Format Version 12.00
# Visual Studio 14
VisualStudioVersion = 14.0.24720.0
MinimumVisualStudioVersion = 10.0.40219.1
Project("{FAE04EC0-301F-11D3-BF4B-00C04F79EFBC}") = "Extension-Methods", "Extension-Methods\Extension-Methods.csproj", "{F56498C0-600B-4D6D-B1F6-7AC87109CC63}"
EndProject
Project("{FAE04EC0-301F-11D3-BF4B-00C04F79EFBC}") = "Students", "Students\Students.csproj", "{779BCBDB-3735-4923-A632-AA5D9FB6E8F9}"
EndProject
Project("{FAE04EC0-301F-11D3-BF4B-00C04F79EFBC}") = "DevisibleByTwoNums", "DevisibleByTwoNums\DevisibleByTwoNums.csproj", "{41458994-EEA1-44A4-992D-1FD0DC631B65}"
EndProject
Global
	GlobalSection(SolutionConfigurationPlatforms) = preSolution
		Debug|Any CPU = Debug|Any CPU
		Release|Any CPU = Release|Any CPU
	EndGlobalSection
	GlobalSection(ProjectConfigurationPlatforms) = postSolution
		{F56498C0-600B-4D6D-B1F6-7AC87109CC63}.Debug|Any CPU.ActiveCfg = Debug|Any CPU
		{F56498C0-600B-4D6D-B1F6-7AC87109CC63}.Debug|Any CPU.Build.0 = Debug|Any CPU
		{F56498C0-600B-4D6D-B1F6-7AC87109CC63}.Release|Any CPU.ActiveCfg = Release|Any CPU
		{F56498C0-600B-4D6D-B1F6-7AC87109CC63}.Release|Any CPU.Build.0 = Release|Any CPU
		{779BCBDB-3735-4923-A632-AA5D9FB6E8F9}.Debug|Any CPU.ActiveCfg = Debug|Any CPU
		{779BCBDB-3735-4923-A632-AA5D9FB6E8F9}.Debug|Any CPU.Build.0 = Debug|Any CPU
		{779BCBDB-3735-4923-A632-AA5D9FB6E8F9}.Release|Any CPU.ActiveCfg = Release|Any CPU
		{779BCBDB-3735-4923-A632-AA5D9FB6E8F9}.Release|Any CPU.Build.0 = Release|Any CPU
		{41458994-EEA1-44A4-992D-1FD0DC631B65}.Debug|Any CPU.ActiveCfg = Debug|Any CPU
		{41458994-EEA1-44A4-992D-1FD0DC631B65}.Debug|Any CPU.Build.0 = Debug|Any CPU
		{41458994-EEA1-44A4-992D-1FD0DC631B65}.Release|Any CPU.ActiveCfg = Release|Any CPU
		{41458994-EEA1-44A4-992D-1FD0DC631B65}.Release|Any CPU.Build.0 = Release|Any CPU
	EndGlobalSection
	GlobalSection(SolutionProperties) = preSolution
		HideSolutionNode = FALSE
	EndGlobalSection
EndGlobal
