
Microsoft Visual Studio Solution File, Format Version 12.00
# Visual Studio 14
VisualStudioVersion = 14.0.24720.0
MinimumVisualStudioVersion = 10.0.40219.1
Project("{FAE04EC0-301F-11D3-BF4B-00C04F79EFBC}") = "School", "OOP Principles_p.1\School.csproj", "{CB477870-8FAC-41D0-A6A6-F8C7500D28E6}"
EndProject
Project("{FAE04EC0-301F-11D3-BF4B-00C04F79EFBC}") = "StudentsAndWorkers", "StudentsAndWorkers\StudentsAndWorkers.csproj", "{E3F71D74-2310-4337-BEE1-4E1EFE43F862}"
EndProject
Project("{FAE04EC0-301F-11D3-BF4B-00C04F79EFBC}") = "AnimalHierarchy", "AnimalHierarchy\AnimalHierarchy.csproj", "{B5F50D20-A2DB-4F7D-B430-4076D7C8B241}"
EndProject
Global
	GlobalSection(SolutionConfigurationPlatforms) = preSolution
		Debug|Any CPU = Debug|Any CPU
		Release|Any CPU = Release|Any CPU
	EndGlobalSection
	GlobalSection(ProjectConfigurationPlatforms) = postSolution
		{CB477870-8FAC-41D0-A6A6-F8C7500D28E6}.Debug|Any CPU.ActiveCfg = Debug|Any CPU
		{CB477870-8FAC-41D0-A6A6-F8C7500D28E6}.Debug|Any CPU.Build.0 = Debug|Any CPU
		{CB477870-8FAC-41D0-A6A6-F8C7500D28E6}.Release|Any CPU.ActiveCfg = Release|Any CPU
		{CB477870-8FAC-41D0-A6A6-F8C7500D28E6}.Release|Any CPU.Build.0 = Release|Any CPU
		{E3F71D74-2310-4337-BEE1-4E1EFE43F862}.Debug|Any CPU.ActiveCfg = Debug|Any CPU
		{E3F71D74-2310-4337-BEE1-4E1EFE43F862}.Debug|Any CPU.Build.0 = Debug|Any CPU
		{E3F71D74-2310-4337-BEE1-4E1EFE43F862}.Release|Any CPU.ActiveCfg = Release|Any CPU
		{E3F71D74-2310-4337-BEE1-4E1EFE43F862}.Release|Any CPU.Build.0 = Release|Any CPU
		{B5F50D20-A2DB-4F7D-B430-4076D7C8B241}.Debug|Any CPU.ActiveCfg = Debug|Any CPU
		{B5F50D20-A2DB-4F7D-B430-4076D7C8B241}.Debug|Any CPU.Build.0 = Debug|Any CPU
		{B5F50D20-A2DB-4F7D-B430-4076D7C8B241}.Release|Any CPU.ActiveCfg = Release|Any CPU
		{B5F50D20-A2DB-4F7D-B430-4076D7C8B241}.Release|Any CPU.Build.0 = Release|Any CPU
	EndGlobalSection
	GlobalSection(SolutionProperties) = preSolution
		HideSolutionNode = FALSE
	EndGlobalSection
EndGlobal
